
Microsoft Visual Studio Solution File, Format Version 12.00
# Visual Studio Version 17
VisualStudioVersion = 17.14.36212.18
MinimumVisualStudioVersion = 10.0.40219.1
Project("{FAE04EC0-301F-11D3-BF4B-00C04F79EFBC}") = "PragueParking_2_0_UI", "PragueParking_2_0_UI\PragueParking_2_0_UI.csproj", "{FA223A40-5E0E-4C68-AB73-4F190ABCBE9F}"
EndProject
Project("{FAE04EC0-301F-11D3-BF4B-00C04F79EFBC}") = "PragueParking_2_0_Data", "PragueParking_2_0_Data\PragueParking_2_0_Data.csproj", "{C1F6BEFD-015A-48C1-89EC-69CD9FBC323A}"
EndProject
Project("{FAE04EC0-301F-11D3-BF4B-00C04F79EFBC}") = "PragueParking_2_0_Logic", "PragueParking_2_0_Logic\PragueParking_2_0_Logic.csproj", "{F10FBEB8-5D1E-4453-A3F3-EDE0543BBCF1}"
EndProject
Project("{2150E333-8FDC-42A3-9474-1A3956D46DE8}") = "Dokumentation", "Dokumentation", "{02EA681E-C7D8-13C7-8484-4AC65E1B71E8}"
	ProjectSection(SolutionItems) = preProject
		Projektdagbok,txt.txt = Projektdagbok,txt.txt
	EndProjectSection
EndProject
Global
	GlobalSection(SolutionConfigurationPlatforms) = preSolution
		Debug|Any CPU = Debug|Any CPU
		Release|Any CPU = Release|Any CPU
	EndGlobalSection
	GlobalSection(ProjectConfigurationPlatforms) = postSolution
		{FA223A40-5E0E-4C68-AB73-4F190ABCBE9F}.Debug|Any CPU.ActiveCfg = Debug|Any CPU
		{FA223A40-5E0E-4C68-AB73-4F190ABCBE9F}.Debug|Any CPU.Build.0 = Debug|Any CPU
		{FA223A40-5E0E-4C68-AB73-4F190ABCBE9F}.Release|Any CPU.ActiveCfg = Release|Any CPU
		{FA223A40-5E0E-4C68-AB73-4F190ABCBE9F}.Release|Any CPU.Build.0 = Release|Any CPU
		{C1F6BEFD-015A-48C1-89EC-69CD9FBC323A}.Debug|Any CPU.ActiveCfg = Debug|Any CPU
		{C1F6BEFD-015A-48C1-89EC-69CD9FBC323A}.Debug|Any CPU.Build.0 = Debug|Any CPU
		{C1F6BEFD-015A-48C1-89EC-69CD9FBC323A}.Release|Any CPU.ActiveCfg = Release|Any CPU
		{C1F6BEFD-015A-48C1-89EC-69CD9FBC323A}.Release|Any CPU.Build.0 = Release|Any CPU
		{F10FBEB8-5D1E-4453-A3F3-EDE0543BBCF1}.Debug|Any CPU.ActiveCfg = Debug|Any CPU
		{F10FBEB8-5D1E-4453-A3F3-EDE0543BBCF1}.Debug|Any CPU.Build.0 = Debug|Any CPU
		{F10FBEB8-5D1E-4453-A3F3-EDE0543BBCF1}.Release|Any CPU.ActiveCfg = Release|Any CPU
		{F10FBEB8-5D1E-4453-A3F3-EDE0543BBCF1}.Release|Any CPU.Build.0 = Release|Any CPU
	EndGlobalSection
	GlobalSection(SolutionProperties) = preSolution
		HideSolutionNode = FALSE
	EndGlobalSection
	GlobalSection(ExtensibilityGlobals) = postSolution
		SolutionGuid = {AC14FABB-8D83-43D2-910C-69F3B80F69C4}
	EndGlobalSection
EndGlobal
